
Microsoft Visual Studio Solution File, Format Version 12.00
# Visual Studio Express 2013 for Web
VisualStudioVersion = 12.0.21005.1
MinimumVisualStudioVersion = 10.0.40219.1
Project("{FAE04EC0-301F-11D3-BF4B-00C04F79EFBC}") = "JobBoard", "JobBoard\JobBoard.csproj", "{FE74FAFA-AB1F-49A3-A91C-0B2093079EEA}"
EndProject
Project("{FAE04EC0-301F-11D3-BF4B-00C04F79EFBC}") = "JobBoard.Database", "JobBoard.Database\JobBoard.Database.csproj", "{D727E9B7-A771-49E1-8C6B-3A5E5006B792}"
EndProject
Project("{FAE04EC0-301F-11D3-BF4B-00C04F79EFBC}") = "JobBoard.DataModels", "JobBoard.DataModels\JobBoard.DataModels.csproj", "{FAFB7FDC-9C16-4657-B405-2D0F4B023EC2}"
EndProject
Global
	GlobalSection(SolutionConfigurationPlatforms) = preSolution
		Debug|Any CPU = Debug|Any CPU
		Release|Any CPU = Release|Any CPU
	EndGlobalSection
	GlobalSection(ProjectConfigurationPlatforms) = postSolution
		{FE74FAFA-AB1F-49A3-A91C-0B2093079EEA}.Debug|Any CPU.ActiveCfg = Debug|Any CPU
		{FE74FAFA-AB1F-49A3-A91C-0B2093079EEA}.Debug|Any CPU.Build.0 = Debug|Any CPU
		{FE74FAFA-AB1F-49A3-A91C-0B2093079EEA}.Release|Any CPU.ActiveCfg = Release|Any CPU
		{FE74FAFA-AB1F-49A3-A91C-0B2093079EEA}.Release|Any CPU.Build.0 = Release|Any CPU
		{D727E9B7-A771-49E1-8C6B-3A5E5006B792}.Debug|Any CPU.ActiveCfg = Debug|Any CPU
		{D727E9B7-A771-49E1-8C6B-3A5E5006B792}.Debug|Any CPU.Build.0 = Debug|Any CPU
		{D727E9B7-A771-49E1-8C6B-3A5E5006B792}.Release|Any CPU.ActiveCfg = Release|Any CPU
		{D727E9B7-A771-49E1-8C6B-3A5E5006B792}.Release|Any CPU.Build.0 = Release|Any CPU
		{FAFB7FDC-9C16-4657-B405-2D0F4B023EC2}.Debug|Any CPU.ActiveCfg = Debug|Any CPU
		{FAFB7FDC-9C16-4657-B405-2D0F4B023EC2}.Debug|Any CPU.Build.0 = Debug|Any CPU
		{FAFB7FDC-9C16-4657-B405-2D0F4B023EC2}.Release|Any CPU.ActiveCfg = Release|Any CPU
		{FAFB7FDC-9C16-4657-B405-2D0F4B023EC2}.Release|Any CPU.Build.0 = Release|Any CPU
	EndGlobalSection
	GlobalSection(SolutionProperties) = preSolution
		HideSolutionNode = FALSE
	EndGlobalSection
EndGlobal
